PODS:
  - YYChatMarqueeLabelView (0.1.0)

DEPENDENCIES:
  - YYChatMarqueeLabelView (from `../`)

EXTERNAL SOURCES:
  YYChatMarqueeLabelView:
    :path: ../

SPEC CHECKSUMS:
  YYChatMarqueeLabelView: 3f4bfe2bb0131a266fcf278ae6ca39876d9e5c11

PODFILE CHECKSUM: d8d288ea8a565273e59ad50469f7c547860316af

COCOAPODS: 1.4.0
